
Microsoft Visual Studio Solution File, Format Version 12.00
# Visual Studio Version 17
VisualStudioVersion = 17.2.32616.157
MinimumVisualStudioVersion = 10.0.40219.1
Project("{2150E333-8FDC-42A3-9474-1A3956D46DE8}") = "Demo1", "Demo1", "{9AB5068C-07DF-4C2F-A9CE-33CB869FF6D1}"
EndProject
Project("{9A19103F-16F7-4668-BE54-9A1E7A4F7556}") = "Demo1.Api", "Demo1\Demo1.Api\Demo1.Api.csproj", "{E03EB98E-BDA5-4CEE-9D60-F45B9CB4CF10}"
EndProject
Project("{9A19103F-16F7-4668-BE54-9A1E7A4F7556}") = "Demo1.Api.Test", "Demo1\Demo1.Api.Test\Demo1.Api.Test.csproj", "{3E2D2701-C3F8-41A5-9EFD-E7B9A4B32AC8}"
EndProject
Project("{2150E333-8FDC-42A3-9474-1A3956D46DE8}") = "Customer", "Customer", "{1311CCD4-105D-4B65-BF49-E4A2058E285B}"
EndProject
Project("{9A19103F-16F7-4668-BE54-9A1E7A4F7556}") = "Api", "Customer\Api\Api.csproj", "{B8DCF979-FC2E-4944-8D80-477121D197E0}"
EndProject
Project("{9A19103F-16F7-4668-BE54-9A1E7A4F7556}") = "Domain", "Customer\Domain\Domain.csproj", "{2C3AC6DC-1BB1-4FB8-A990-4ACD416962A8}"
EndProject
Project("{9A19103F-16F7-4668-BE54-9A1E7A4F7556}") = "Service", "Customer\Service\Service.csproj", "{46701973-8F69-4075-8438-3728AFC7E19D}"
EndProject
Project("{9A19103F-16F7-4668-BE54-9A1E7A4F7556}") = "Repository", "Customer\Repository\Repository.csproj", "{4E995156-65F1-4B14-83A2-CE4A4D2C0547}"
EndProject
Project("{FAE04EC0-301F-11D3-BF4B-00C04F79EFBC}") = "Domain.Test", "Customer\Domain.Test\Domain.Test.csproj", "{21A1547C-9969-4304-A657-66237278BD85}"
EndProject
Project("{FAE04EC0-301F-11D3-BF4B-00C04F79EFBC}") = "Service.Test", "Customer\Service.Test\Service.Test.csproj", "{398506C8-7A75-4325-9631-70A4338EDDE3}"
EndProject
Project("{FAE04EC0-301F-11D3-BF4B-00C04F79EFBC}") = "Api.Test", "Customer\Api.Test\Api.Test.csproj", "{0EAB862E-9525-44FB-8FC7-203144C95A1D}"
EndProject
Project("{FAE04EC0-301F-11D3-BF4B-00C04F79EFBC}") = "Api.IntegrationTest", "Customer\Api.IntegrationTest\Api.IntegrationTest.csproj", "{EA5E7C52-280F-4BEE-87D7-18B2484F4355}"
EndProject
Project("{FAE04EC0-301F-11D3-BF4B-00C04F79EFBC}") = "Repository.Test", "Customer\Repository.Test\Repository.Test.csproj", "{C36BFFF8-6184-4B23-9111-99494B3F8531}"
EndProject
Global
	GlobalSection(SolutionConfigurationPlatforms) = preSolution
		Debug|Any CPU = Debug|Any CPU
		Release|Any CPU = Release|Any CPU
	EndGlobalSection
	GlobalSection(ProjectConfigurationPlatforms) = postSolution
		{E03EB98E-BDA5-4CEE-9D60-F45B9CB4CF10}.Debug|Any CPU.ActiveCfg = Debug|Any CPU
		{E03EB98E-BDA5-4CEE-9D60-F45B9CB4CF10}.Debug|Any CPU.Build.0 = Debug|Any CPU
		{E03EB98E-BDA5-4CEE-9D60-F45B9CB4CF10}.Release|Any CPU.ActiveCfg = Release|Any CPU
		{E03EB98E-BDA5-4CEE-9D60-F45B9CB4CF10}.Release|Any CPU.Build.0 = Release|Any CPU
		{3E2D2701-C3F8-41A5-9EFD-E7B9A4B32AC8}.Debug|Any CPU.ActiveCfg = Debug|Any CPU
		{3E2D2701-C3F8-41A5-9EFD-E7B9A4B32AC8}.Debug|Any CPU.Build.0 = Debug|Any CPU
		{3E2D2701-C3F8-41A5-9EFD-E7B9A4B32AC8}.Release|Any CPU.ActiveCfg = Release|Any CPU
		{3E2D2701-C3F8-41A5-9EFD-E7B9A4B32AC8}.Release|Any CPU.Build.0 = Release|Any CPU
		{B8DCF979-FC2E-4944-8D80-477121D197E0}.Debug|Any CPU.ActiveCfg = Debug|Any CPU
		{B8DCF979-FC2E-4944-8D80-477121D197E0}.Debug|Any CPU.Build.0 = Debug|Any CPU
		{B8DCF979-FC2E-4944-8D80-477121D197E0}.Release|Any CPU.ActiveCfg = Release|Any CPU
		{B8DCF979-FC2E-4944-8D80-477121D197E0}.Release|Any CPU.Build.0 = Release|Any CPU
		{2C3AC6DC-1BB1-4FB8-A990-4ACD416962A8}.Debug|Any CPU.ActiveCfg = Debug|Any CPU
		{2C3AC6DC-1BB1-4FB8-A990-4ACD416962A8}.Debug|Any CPU.Build.0 = Debug|Any CPU
		{2C3AC6DC-1BB1-4FB8-A990-4ACD416962A8}.Release|Any CPU.ActiveCfg = Release|Any CPU
		{2C3AC6DC-1BB1-4FB8-A990-4ACD416962A8}.Release|Any CPU.Build.0 = Release|Any CPU
		{46701973-8F69-4075-8438-3728AFC7E19D}.Debug|Any CPU.ActiveCfg = Debug|Any CPU
		{46701973-8F69-4075-8438-3728AFC7E19D}.Debug|Any CPU.Build.0 = Debug|Any CPU
		{46701973-8F69-4075-8438-3728AFC7E19D}.Release|Any CPU.ActiveCfg = Release|Any CPU
		{46701973-8F69-4075-8438-3728AFC7E19D}.Release|Any CPU.Build.0 = Release|Any CPU
		{4E995156-65F1-4B14-83A2-CE4A4D2C0547}.Debug|Any CPU.ActiveCfg = Debug|Any CPU
		{4E995156-65F1-4B14-83A2-CE4A4D2C0547}.Debug|Any CPU.Build.0 = Debug|Any CPU
		{4E995156-65F1-4B14-83A2-CE4A4D2C0547}.Release|Any CPU.ActiveCfg = Release|Any CPU
		{4E995156-65F1-4B14-83A2-CE4A4D2C0547}.Release|Any CPU.Build.0 = Release|Any CPU
		{21A1547C-9969-4304-A657-66237278BD85}.Debug|Any CPU.ActiveCfg = Debug|Any CPU
		{21A1547C-9969-4304-A657-66237278BD85}.Debug|Any CPU.Build.0 = Debug|Any CPU
		{21A1547C-9969-4304-A657-66237278BD85}.Release|Any CPU.ActiveCfg = Release|Any CPU
		{21A1547C-9969-4304-A657-66237278BD85}.Release|Any CPU.Build.0 = Release|Any CPU
		{398506C8-7A75-4325-9631-70A4338EDDE3}.Debug|Any CPU.ActiveCfg = Debug|Any CPU
		{398506C8-7A75-4325-9631-70A4338EDDE3}.Debug|Any CPU.Build.0 = Debug|Any CPU
		{398506C8-7A75-4325-9631-70A4338EDDE3}.Release|Any CPU.ActiveCfg = Release|Any CPU
		{398506C8-7A75-4325-9631-70A4338EDDE3}.Release|Any CPU.Build.0 = Release|Any CPU
		{0EAB862E-9525-44FB-8FC7-203144C95A1D}.Debug|Any CPU.ActiveCfg = Debug|Any CPU
		{0EAB862E-9525-44FB-8FC7-203144C95A1D}.Debug|Any CPU.Build.0 = Debug|Any CPU
		{0EAB862E-9525-44FB-8FC7-203144C95A1D}.Release|Any CPU.ActiveCfg = Release|Any CPU
		{0EAB862E-9525-44FB-8FC7-203144C95A1D}.Release|Any CPU.Build.0 = Release|Any CPU
		{EA5E7C52-280F-4BEE-87D7-18B2484F4355}.Debug|Any CPU.ActiveCfg = Debug|Any CPU
		{EA5E7C52-280F-4BEE-87D7-18B2484F4355}.Debug|Any CPU.Build.0 = Debug|Any CPU
		{EA5E7C52-280F-4BEE-87D7-18B2484F4355}.Release|Any CPU.ActiveCfg = Release|Any CPU
		{EA5E7C52-280F-4BEE-87D7-18B2484F4355}.Release|Any CPU.Build.0 = Release|Any CPU
		{C36BFFF8-6184-4B23-9111-99494B3F8531}.Debug|Any CPU.ActiveCfg = Debug|Any CPU
		{C36BFFF8-6184-4B23-9111-99494B3F8531}.Debug|Any CPU.Build.0 = Debug|Any CPU
		{C36BFFF8-6184-4B23-9111-99494B3F8531}.Release|Any CPU.ActiveCfg = Release|Any CPU
		{C36BFFF8-6184-4B23-9111-99494B3F8531}.Release|Any CPU.Build.0 = Release|Any CPU
	EndGlobalSection
	GlobalSection(SolutionProperties) = preSolution
		HideSolutionNode = FALSE
	EndGlobalSection
	GlobalSection(NestedProjects) = preSolution
		{E03EB98E-BDA5-4CEE-9D60-F45B9CB4CF10} = {9AB5068C-07DF-4C2F-A9CE-33CB869FF6D1}
		{3E2D2701-C3F8-41A5-9EFD-E7B9A4B32AC8} = {9AB5068C-07DF-4C2F-A9CE-33CB869FF6D1}
		{B8DCF979-FC2E-4944-8D80-477121D197E0} = {1311CCD4-105D-4B65-BF49-E4A2058E285B}
		{2C3AC6DC-1BB1-4FB8-A990-4ACD416962A8} = {1311CCD4-105D-4B65-BF49-E4A2058E285B}
		{46701973-8F69-4075-8438-3728AFC7E19D} = {1311CCD4-105D-4B65-BF49-E4A2058E285B}
		{4E995156-65F1-4B14-83A2-CE4A4D2C0547} = {1311CCD4-105D-4B65-BF49-E4A2058E285B}
		{21A1547C-9969-4304-A657-66237278BD85} = {1311CCD4-105D-4B65-BF49-E4A2058E285B}
		{398506C8-7A75-4325-9631-70A4338EDDE3} = {1311CCD4-105D-4B65-BF49-E4A2058E285B}
		{0EAB862E-9525-44FB-8FC7-203144C95A1D} = {1311CCD4-105D-4B65-BF49-E4A2058E285B}
		{EA5E7C52-280F-4BEE-87D7-18B2484F4355} = {1311CCD4-105D-4B65-BF49-E4A2058E285B}
		{C36BFFF8-6184-4B23-9111-99494B3F8531} = {1311CCD4-105D-4B65-BF49-E4A2058E285B}
	EndGlobalSection
	GlobalSection(ExtensibilityGlobals) = postSolution
		SolutionGuid = {51169583-A336-48C4-8558-CAE4D35B85DD}
	EndGlobalSection
EndGlobal
